
Microsoft Visual Studio Solution File, Format Version 12.00
# Visual Studio Version 17
VisualStudioVersion = 17.13.35913.81 d17.13
MinimumVisualStudioVersion = 10.0.40219.1
Project("{FAE04EC0-301F-11D3-BF4B-00C04F79EFBC}") = "Server", "Server\Server.csproj", "{859C053D-EC1A-4CF4-A911-EE69FA91F70F}"
EndProject
Project("{FAE04EC0-301F-11D3-BF4B-00C04F79EFBC}") = "ServerCore", "ServerCore\ServerCore.csproj", "{078123F9-EC64-4F43-BCDC-0DE3266A24DB}"
EndProject
Project("{FAE04EC0-301F-11D3-BF4B-00C04F79EFBC}") = "DummyClient", "DummyClient\DummyClient.csproj", "{30E03F9B-C456-488A-B8EF-436DF82A9CCC}"
EndProject
Global
	GlobalSection(SolutionConfigurationPlatforms) = preSolution
		Debug|Any CPU = Debug|Any CPU
		Release|Any CPU = Release|Any CPU
	EndGlobalSection
	GlobalSection(ProjectConfigurationPlatforms) = postSolution
		{859C053D-EC1A-4CF4-A911-EE69FA91F70F}.Debug|Any CPU.ActiveCfg = Debug|Any CPU
		{859C053D-EC1A-4CF4-A911-EE69FA91F70F}.Debug|Any CPU.Build.0 = Debug|Any CPU
		{859C053D-EC1A-4CF4-A911-EE69FA91F70F}.Release|Any CPU.ActiveCfg = Release|Any CPU
		{859C053D-EC1A-4CF4-A911-EE69FA91F70F}.Release|Any CPU.Build.0 = Release|Any CPU
		{078123F9-EC64-4F43-BCDC-0DE3266A24DB}.Debug|Any CPU.ActiveCfg = Debug|Any CPU
		{078123F9-EC64-4F43-BCDC-0DE3266A24DB}.Debug|Any CPU.Build.0 = Debug|Any CPU
		{078123F9-EC64-4F43-BCDC-0DE3266A24DB}.Release|Any CPU.ActiveCfg = Release|Any CPU
		{078123F9-EC64-4F43-BCDC-0DE3266A24DB}.Release|Any CPU.Build.0 = Release|Any CPU
		{30E03F9B-C456-488A-B8EF-436DF82A9CCC}.Debug|Any CPU.ActiveCfg = Debug|Any CPU
		{30E03F9B-C456-488A-B8EF-436DF82A9CCC}.Debug|Any CPU.Build.0 = Debug|Any CPU
		{30E03F9B-C456-488A-B8EF-436DF82A9CCC}.Release|Any CPU.ActiveCfg = Release|Any CPU
		{30E03F9B-C456-488A-B8EF-436DF82A9CCC}.Release|Any CPU.Build.0 = Release|Any CPU
	EndGlobalSection
	GlobalSection(SolutionProperties) = preSolution
		HideSolutionNode = FALSE
	EndGlobalSection
	GlobalSection(ExtensibilityGlobals) = postSolution
		SolutionGuid = {F197E3FC-4FC6-403E-B2FA-046545917402}
	EndGlobalSection
EndGlobal
